{
  "name": "E-Commerce",
  "lockfileVersion": 3,
  "requires": true,
  "packages": {
    "": {
      "dependencies": {
        "@stripe/stripe-js": "^3.4.1",
        "react-icons": "^5.2.1"
      }
    },
    "node_modules/@stripe/stripe-js": {
      "version": "3.4.1",
      "resolved": "https://registry.npmjs.org/@stripe/stripe-js/-/stripe-js-3.4.1.tgz",
      "integrity": "sha512-6vFTA7+MzoQyhZDn/D3wWZrUE8M8OSUFJE2Y3O1okfBWr4eCLvMeSoZuYN2xb1KJ3J0bBw96YfKxY75M/H0JZw==",
      "engines": {
        "node": ">=12.16"
      }
    },
    "node_modules/react-icons": {
      "version": "5.2.1",
      "resolved": "https://registry.npmjs.org/react-icons/-/react-icons-5.2.1.tgz",
      "integrity": "sha512-zdbW5GstTzXaVKvGSyTaBalt7HSfuK5ovrzlpyiWHAFXndXTdd/1hdDHI4xBM1Mn7YriT6aqESucFl9kEXzrdw==",
      "peerDependencies": {
        "react": "*"
      }
    }
  }
}
